
Microsoft Visual Studio Solution File, Format Version 12.00
# Visual Studio 15
VisualStudioVersion = 15.0.26730.16
MinimumVisualStudioVersion = 10.0.40219.1
Project("{9A19103F-16F7-4668-BE54-9A1E7A4F7556}") = "EIHCON", "EIHCON_Ver2\EIHCON.csproj", "{416C69F2-EAFA-4563-A955-977BB6ADFC1A}"
EndProject
Project("{9A19103F-16F7-4668-BE54-9A1E7A4F7556}") = "EIFACEBOOK", "EIFACEBOOK\EIFACEBOOK.csproj", "{04601FD9-411E-4719-A233-2D323F456BDD}"
EndProject
Project("{9A19103F-16F7-4668-BE54-9A1E7A4F7556}") = "EIUDEG", "EIUDEG\EIUDEG.csproj", "{78B5B0C3-C396-4FE9-9505-002457BB7145}"
EndProject
Project("{9A19103F-16F7-4668-BE54-9A1E7A4F7556}") = "EIUEAGRP", "EIUEAGRP\EIUEAGRP.csproj", "{ED414023-591D-4120-A33F-B62F18A7DB1D}"
EndProject
Project("{9A19103F-16F7-4668-BE54-9A1E7A4F7556}") = "EICON", "EICON\EICON.csproj", "{BB684BEC-A2E4-4998-9668-94CCA2492E62}"
EndProject
Project("{9A19103F-16F7-4668-BE54-9A1E7A4F7556}") = "EIUSUFBF", "EIUSUFBF\EIUSUFBF.csproj", "{F7DA2B5C-7EB8-4E36-9A95-3A421E8CE635}"
EndProject
Project("{9A19103F-16F7-4668-BE54-9A1E7A4F7556}") = "EIMKF", "EIMKF\EIMKF.csproj", "{633FF393-D4DB-4716-8A65-3EB37D0FAB31}"
EndProject
Project("{9A19103F-16F7-4668-BE54-9A1E7A4F7556}") = "EIUDFS1", "EIUDFS1\EIUDFS1.csproj", "{4825D9B6-91CC-4CF4-8EDF-E25E7BF345F3}"
EndProject
Project("{9A19103F-16F7-4668-BE54-9A1E7A4F7556}") = "EIUDFS2", "EIUDFS2\EIUDFS2.csproj", "{8711F2DC-785F-4CFE-B580-0C055007692C}"
EndProject
Project("{9A19103F-16F7-4668-BE54-9A1E7A4F7556}") = "EIUBFS1", "EIUBFS1\EIUBFS1.csproj", "{D59CA5A1-D04F-4999-84E1-B0F384DAC37E}"
EndProject
Project("{9A19103F-16F7-4668-BE54-9A1E7A4F7556}") = "EIUBFS2", "EIUBFS2\EIUBFS2.csproj", "{6C8135FA-54FD-46DC-B39E-BA6281C5BA5A}"
EndProject
Project("{FAE04EC0-301F-11D3-BF4B-00C04F79EFBC}") = "EICONP", "EICONP\EICONP.csproj", "{553B2B16-A8E5-42D8-8BAA-7A84D470D4E7}"
EndProject
Project("{FAE04EC0-301F-11D3-BF4B-00C04F79EFBC}") = "EICONP1", "EICONP1\EICONP1.csproj", "{B6692265-7BA7-4746-94EA-A786DC3F361E}"
EndProject
Global
	GlobalSection(SolutionConfigurationPlatforms) = preSolution
		Debug|Any CPU = Debug|Any CPU
		Release|Any CPU = Release|Any CPU
	EndGlobalSection
	GlobalSection(ProjectConfigurationPlatforms) = postSolution
		{416C69F2-EAFA-4563-A955-977BB6ADFC1A}.Debug|Any CPU.ActiveCfg = Debug|Any CPU
		{416C69F2-EAFA-4563-A955-977BB6ADFC1A}.Debug|Any CPU.Build.0 = Debug|Any CPU
		{416C69F2-EAFA-4563-A955-977BB6ADFC1A}.Release|Any CPU.ActiveCfg = Release|Any CPU
		{416C69F2-EAFA-4563-A955-977BB6ADFC1A}.Release|Any CPU.Build.0 = Release|Any CPU
		{04601FD9-411E-4719-A233-2D323F456BDD}.Debug|Any CPU.ActiveCfg = Debug|Any CPU
		{04601FD9-411E-4719-A233-2D323F456BDD}.Debug|Any CPU.Build.0 = Debug|Any CPU
		{04601FD9-411E-4719-A233-2D323F456BDD}.Release|Any CPU.ActiveCfg = Release|Any CPU
		{04601FD9-411E-4719-A233-2D323F456BDD}.Release|Any CPU.Build.0 = Release|Any CPU
		{78B5B0C3-C396-4FE9-9505-002457BB7145}.Debug|Any CPU.ActiveCfg = Debug|Any CPU
		{78B5B0C3-C396-4FE9-9505-002457BB7145}.Debug|Any CPU.Build.0 = Debug|Any CPU
		{78B5B0C3-C396-4FE9-9505-002457BB7145}.Release|Any CPU.ActiveCfg = Release|Any CPU
		{78B5B0C3-C396-4FE9-9505-002457BB7145}.Release|Any CPU.Build.0 = Release|Any CPU
		{ED414023-591D-4120-A33F-B62F18A7DB1D}.Debug|Any CPU.ActiveCfg = Debug|Any CPU
		{ED414023-591D-4120-A33F-B62F18A7DB1D}.Debug|Any CPU.Build.0 = Debug|Any CPU
		{ED414023-591D-4120-A33F-B62F18A7DB1D}.Release|Any CPU.ActiveCfg = Release|Any CPU
		{ED414023-591D-4120-A33F-B62F18A7DB1D}.Release|Any CPU.Build.0 = Release|Any CPU
		{BB684BEC-A2E4-4998-9668-94CCA2492E62}.Debug|Any CPU.ActiveCfg = Debug|Any CPU
		{BB684BEC-A2E4-4998-9668-94CCA2492E62}.Debug|Any CPU.Build.0 = Debug|Any CPU
		{BB684BEC-A2E4-4998-9668-94CCA2492E62}.Release|Any CPU.ActiveCfg = Release|Any CPU
		{BB684BEC-A2E4-4998-9668-94CCA2492E62}.Release|Any CPU.Build.0 = Release|Any CPU
		{F7DA2B5C-7EB8-4E36-9A95-3A421E8CE635}.Debug|Any CPU.ActiveCfg = Debug|Any CPU
		{F7DA2B5C-7EB8-4E36-9A95-3A421E8CE635}.Debug|Any CPU.Build.0 = Debug|Any CPU
		{F7DA2B5C-7EB8-4E36-9A95-3A421E8CE635}.Release|Any CPU.ActiveCfg = Release|Any CPU
		{F7DA2B5C-7EB8-4E36-9A95-3A421E8CE635}.Release|Any CPU.Build.0 = Release|Any CPU
		{633FF393-D4DB-4716-8A65-3EB37D0FAB31}.Debug|Any CPU.ActiveCfg = Debug|Any CPU
		{633FF393-D4DB-4716-8A65-3EB37D0FAB31}.Debug|Any CPU.Build.0 = Debug|Any CPU
		{633FF393-D4DB-4716-8A65-3EB37D0FAB31}.Release|Any CPU.ActiveCfg = Release|Any CPU
		{633FF393-D4DB-4716-8A65-3EB37D0FAB31}.Release|Any CPU.Build.0 = Release|Any CPU
		{4825D9B6-91CC-4CF4-8EDF-E25E7BF345F3}.Debug|Any CPU.ActiveCfg = Debug|Any CPU
		{4825D9B6-91CC-4CF4-8EDF-E25E7BF345F3}.Debug|Any CPU.Build.0 = Debug|Any CPU
		{4825D9B6-91CC-4CF4-8EDF-E25E7BF345F3}.Release|Any CPU.ActiveCfg = Release|Any CPU
		{4825D9B6-91CC-4CF4-8EDF-E25E7BF345F3}.Release|Any CPU.Build.0 = Release|Any CPU
		{8711F2DC-785F-4CFE-B580-0C055007692C}.Debug|Any CPU.ActiveCfg = Debug|Any CPU
		{8711F2DC-785F-4CFE-B580-0C055007692C}.Debug|Any CPU.Build.0 = Debug|Any CPU
		{8711F2DC-785F-4CFE-B580-0C055007692C}.Release|Any CPU.ActiveCfg = Release|Any CPU
		{8711F2DC-785F-4CFE-B580-0C055007692C}.Release|Any CPU.Build.0 = Release|Any CPU
		{D59CA5A1-D04F-4999-84E1-B0F384DAC37E}.Debug|Any CPU.ActiveCfg = Debug|Any CPU
		{D59CA5A1-D04F-4999-84E1-B0F384DAC37E}.Debug|Any CPU.Build.0 = Debug|Any CPU
		{D59CA5A1-D04F-4999-84E1-B0F384DAC37E}.Release|Any CPU.ActiveCfg = Release|Any CPU
		{D59CA5A1-D04F-4999-84E1-B0F384DAC37E}.Release|Any CPU.Build.0 = Release|Any CPU
		{6C8135FA-54FD-46DC-B39E-BA6281C5BA5A}.Debug|Any CPU.ActiveCfg = Debug|Any CPU
		{6C8135FA-54FD-46DC-B39E-BA6281C5BA5A}.Debug|Any CPU.Build.0 = Debug|Any CPU
		{6C8135FA-54FD-46DC-B39E-BA6281C5BA5A}.Release|Any CPU.ActiveCfg = Release|Any CPU
		{6C8135FA-54FD-46DC-B39E-BA6281C5BA5A}.Release|Any CPU.Build.0 = Release|Any CPU
		{553B2B16-A8E5-42D8-8BAA-7A84D470D4E7}.Debug|Any CPU.ActiveCfg = Debug|Any CPU
		{553B2B16-A8E5-42D8-8BAA-7A84D470D4E7}.Debug|Any CPU.Build.0 = Debug|Any CPU
		{553B2B16-A8E5-42D8-8BAA-7A84D470D4E7}.Release|Any CPU.ActiveCfg = Release|Any CPU
		{553B2B16-A8E5-42D8-8BAA-7A84D470D4E7}.Release|Any CPU.Build.0 = Release|Any CPU
		{B6692265-7BA7-4746-94EA-A786DC3F361E}.Debug|Any CPU.ActiveCfg = Debug|Any CPU
		{B6692265-7BA7-4746-94EA-A786DC3F361E}.Debug|Any CPU.Build.0 = Debug|Any CPU
		{B6692265-7BA7-4746-94EA-A786DC3F361E}.Release|Any CPU.ActiveCfg = Release|Any CPU
		{B6692265-7BA7-4746-94EA-A786DC3F361E}.Release|Any CPU.Build.0 = Release|Any CPU
	EndGlobalSection
	GlobalSection(SolutionProperties) = preSolution
		HideSolutionNode = FALSE
	EndGlobalSection
	GlobalSection(ExtensibilityGlobals) = postSolution
		SolutionGuid = {CC7D81AA-7BD1-433D-991F-CAF332E5D999}
	EndGlobalSection
EndGlobal
